
Microsoft Visual Studio Solution File, Format Version 12.00
# Visual Studio 2013
VisualStudioVersion = 12.0.31101.0
MinimumVisualStudioVersion = 10.0.40219.1
Project("{FAE04EC0-301F-11D3-BF4B-00C04F79EFBC}") = "ClassesAndObjectsLab", "ClassesAndObjectsLab\ClassesAndObjectsLab.csproj", "{CB622F9E-B4D6-4110-A0F4-31B382D6CA63}"
EndProject
Project("{FAE04EC0-301F-11D3-BF4B-00C04F79EFBC}") = "ClassesAndObjectsTests", "ClassesAndObjectsTests\ClassesAndObjectsTests.csproj", "{189C6581-D23C-44CD-AEFE-C108BC34C75D}"
EndProject
Global
	GlobalSection(SolutionConfigurationPlatforms) = preSolution
		Debug|Any CPU = Debug|Any CPU
		Release|Any CPU = Release|Any CPU
	EndGlobalSection
	GlobalSection(ProjectConfigurationPlatforms) = postSolution
		{CB622F9E-B4D6-4110-A0F4-31B382D6CA63}.Debug|Any CPU.ActiveCfg = Debug|Any CPU
		{CB622F9E-B4D6-4110-A0F4-31B382D6CA63}.Debug|Any CPU.Build.0 = Debug|Any CPU
		{CB622F9E-B4D6-4110-A0F4-31B382D6CA63}.Release|Any CPU.ActiveCfg = Release|Any CPU
		{CB622F9E-B4D6-4110-A0F4-31B382D6CA63}.Release|Any CPU.Build.0 = Release|Any CPU
		{189C6581-D23C-44CD-AEFE-C108BC34C75D}.Debug|Any CPU.ActiveCfg = Debug|Any CPU
		{189C6581-D23C-44CD-AEFE-C108BC34C75D}.Debug|Any CPU.Build.0 = Debug|Any CPU
		{189C6581-D23C-44CD-AEFE-C108BC34C75D}.Release|Any CPU.ActiveCfg = Release|Any CPU
		{189C6581-D23C-44CD-AEFE-C108BC34C75D}.Release|Any CPU.Build.0 = Release|Any CPU
	EndGlobalSection
	GlobalSection(SolutionProperties) = preSolution
		HideSolutionNode = FALSE
	EndGlobalSection
EndGlobal
